
Microsoft Visual Studio Solution File, Format Version 12.00
# Visual Studio Version 17
VisualStudioVersion = 17.9.34723.18
MinimumVisualStudioVersion = 10.0.40219.1
Project("{FAE04EC0-301F-11D3-BF4B-00C04F79EFBC}") = "TodoList.API", "TodoList.API\TodoList.API.csproj", "{D61E14F6-D1F2-4E04-B0E4-9F25EACDA820}"
EndProject
Project("{FAE04EC0-301F-11D3-BF4B-00C04F79EFBC}") = "TodoList.Domain", "TodoList.Domain\TodoList.Domain.csproj", "{CDA607C5-421B-4309-ABE1-35BA3D897D59}"
EndProject
Project("{FAE04EC0-301F-11D3-BF4B-00C04F79EFBC}") = "TodoList.Application", "TodoList.Application\TodoList.Application.csproj", "{DDB79781-1B84-46C6-83B0-504E61B18D1C}"
EndProject
Project("{FAE04EC0-301F-11D3-BF4B-00C04F79EFBC}") = "TodoList.Persistence", "TodoList.Persistence\TodoList.Persistence.csproj", "{62FD0EC3-7585-42CB-90A9-35912263E547}"
EndProject
Global
	GlobalSection(SolutionConfigurationPlatforms) = preSolution
		Debug|Any CPU = Debug|Any CPU
		Release|Any CPU = Release|Any CPU
	EndGlobalSection
	GlobalSection(ProjectConfigurationPlatforms) = postSolution
		{D61E14F6-D1F2-4E04-B0E4-9F25EACDA820}.Debug|Any CPU.ActiveCfg = Debug|Any CPU
		{D61E14F6-D1F2-4E04-B0E4-9F25EACDA820}.Debug|Any CPU.Build.0 = Debug|Any CPU
		{D61E14F6-D1F2-4E04-B0E4-9F25EACDA820}.Release|Any CPU.ActiveCfg = Release|Any CPU
		{D61E14F6-D1F2-4E04-B0E4-9F25EACDA820}.Release|Any CPU.Build.0 = Release|Any CPU
		{CDA607C5-421B-4309-ABE1-35BA3D897D59}.Debug|Any CPU.ActiveCfg = Debug|Any CPU
		{CDA607C5-421B-4309-ABE1-35BA3D897D59}.Debug|Any CPU.Build.0 = Debug|Any CPU
		{CDA607C5-421B-4309-ABE1-35BA3D897D59}.Release|Any CPU.ActiveCfg = Release|Any CPU
		{CDA607C5-421B-4309-ABE1-35BA3D897D59}.Release|Any CPU.Build.0 = Release|Any CPU
		{DDB79781-1B84-46C6-83B0-504E61B18D1C}.Debug|Any CPU.ActiveCfg = Debug|Any CPU
		{DDB79781-1B84-46C6-83B0-504E61B18D1C}.Debug|Any CPU.Build.0 = Debug|Any CPU
		{DDB79781-1B84-46C6-83B0-504E61B18D1C}.Release|Any CPU.ActiveCfg = Release|Any CPU
		{DDB79781-1B84-46C6-83B0-504E61B18D1C}.Release|Any CPU.Build.0 = Release|Any CPU
		{62FD0EC3-7585-42CB-90A9-35912263E547}.Debug|Any CPU.ActiveCfg = Debug|Any CPU
		{62FD0EC3-7585-42CB-90A9-35912263E547}.Debug|Any CPU.Build.0 = Debug|Any CPU
		{62FD0EC3-7585-42CB-90A9-35912263E547}.Release|Any CPU.ActiveCfg = Release|Any CPU
		{62FD0EC3-7585-42CB-90A9-35912263E547}.Release|Any CPU.Build.0 = Release|Any CPU
	EndGlobalSection
	GlobalSection(SolutionProperties) = preSolution
		HideSolutionNode = FALSE
	EndGlobalSection
	GlobalSection(ExtensibilityGlobals) = postSolution
		SolutionGuid = {DF1C069D-7BB7-4A74-B3CE-1166B6EBB877}
	EndGlobalSection
EndGlobal
