
Microsoft Visual Studio Solution File, Format Version 12.00
# Visual Studio Version 17
VisualStudioVersion = 17.9.34723.18
MinimumVisualStudioVersion = 10.0.40219.1
Project("{9A19103F-16F7-4668-BE54-9A1E7A4F7556}") = "Assignment04-05-MVC", "Assignment04-05-MVC\Assignment04-05-MVC.csproj", "{1C3AA5D9-4A2F-4396-95F3-6268D79A0342}"
EndProject
Project("{9A19103F-16F7-4668-BE54-9A1E7A4F7556}") = "Assignment04-05-MVC.Tests", "Assignment04-05-MVC.Tests\Assignment04-05-MVC.Tests.csproj", "{66BE23D4-D4D6-4497-A80C-0AEB47FC246F}"
EndProject
Global
	GlobalSection(SolutionConfigurationPlatforms) = preSolution
		Debug|Any CPU = Debug|Any CPU
		Release|Any CPU = Release|Any CPU
	EndGlobalSection
	GlobalSection(ProjectConfigurationPlatforms) = postSolution
		{1C3AA5D9-4A2F-4396-95F3-6268D79A0342}.Debug|Any CPU.ActiveCfg = Debug|Any CPU
		{1C3AA5D9-4A2F-4396-95F3-6268D79A0342}.Debug|Any CPU.Build.0 = Debug|Any CPU
		{1C3AA5D9-4A2F-4396-95F3-6268D79A0342}.Release|Any CPU.ActiveCfg = Release|Any CPU
		{1C3AA5D9-4A2F-4396-95F3-6268D79A0342}.Release|Any CPU.Build.0 = Release|Any CPU
		{66BE23D4-D4D6-4497-A80C-0AEB47FC246F}.Debug|Any CPU.ActiveCfg = Debug|Any CPU
		{66BE23D4-D4D6-4497-A80C-0AEB47FC246F}.Debug|Any CPU.Build.0 = Debug|Any CPU
		{66BE23D4-D4D6-4497-A80C-0AEB47FC246F}.Release|Any CPU.ActiveCfg = Release|Any CPU
		{66BE23D4-D4D6-4497-A80C-0AEB47FC246F}.Release|Any CPU.Build.0 = Release|Any CPU
	EndGlobalSection
	GlobalSection(SolutionProperties) = preSolution
		HideSolutionNode = FALSE
	EndGlobalSection
	GlobalSection(ExtensibilityGlobals) = postSolution
		SolutionGuid = {C5EDF47C-8BEF-4B30-A0EE-2BC7E93A15F7}
	EndGlobalSection
EndGlobal
